links: {}
packs:
- sourceIdentity:
    path: projects/packs
    type: local
  sourceName: repository-packs
  externalSources: {}
  packs: []
  id: dotnet-gitignore
  managedFiles:
  - content: IyBCRUdJTiBMdW5hcGFjayAuTkVUIGlnbm9yZXMKIyAuTkVUIGJ1aWxkIG91dHB1dAoqKi9iaW4vCioqL29iai8KCiMgVmlzdWFsIFN0dWRpbyBhbmQgdXNlciBzZXR0aW5ncwoudnMvCioudXNlcgoqLnN1bwoqLnVzZXJvc3NjYWNoZQoqLnNsbi5kb2NzdGF0ZXMKCiMgVGVzdCByZXN1bHRzClRlc3RSZXN1bHRzLwoqLnRyeAojIEVORCBMdW5hcGFjayAuTkVUIGlnbm9yZXMK
    declaredTargetPath: .gitignore
    sha256: 26871706BD576549E2746E90BB25C142C180FE95F1B175F531F208B7F689BDCC
    strategy:
      method: section
      type: merge
    targetPath: .gitignore
  packPath: dotnet-gitignore/1.0.0
  sourcePath: projects/packs
  version: 1.0.0
- sourceIdentity:
    path: projects/packs
    type: local
  sourceName: repository-packs
  externalSources: {}
  packs: []
  id: dotnet-sdk-10
  managedFiles:
  - declaredTargetPath: global.json
    sha256: 3E2BAAE41933F690DCE7E3C5C682DCE80E9C9942A0DBA6339E1A275EF1215B61
    strategy:
      method: json
      type: merge
    targetPath: global.json
  packPath: dotnet-sdk-10/1.0.0
  sourcePath: projects/packs
  version: 1.0.0
- sourceIdentity:
    path: projects/packs
    type: local
  sourceName: repository-packs
  externalSources: {}
  packs: []
  id: editorconfig-baseline
  managedFiles:
  - content: IyBCRUdJTiBMdW5hUGFjayBnZW5lcmFsIEVkaXRvckNvbmZpZwpbKl0KY2hhcnNldCA9IHV0Zi04CmVuZF9vZl9saW5lID0gbGYKaW5zZXJ0X2ZpbmFsX25ld2xpbmUgPSB0cnVlCmluZGVudF9zdHlsZSA9IHNwYWNlCmluZGVudF9zaXplID0gMgp0cmltX3RyYWlsaW5nX3doaXRlc3BhY2UgPSB0cnVlCgpbKi57bWQsbWR4fV0KbWF4X2xpbmVfbGVuZ3RoID0gb2ZmCnRyaW1fdHJhaWxpbmdfd2hpdGVzcGFjZSA9IGZhbHNlCgpbKi57anNvbix4bWwseW1sLHlhbWx9XQppbmRlbnRfc2l6ZSA9IDIKIyBFTkQgTHVuYVBhY2sgZ2VuZXJhbCBFZGl0b3JDb25maWcK
    declaredTargetPath: .editorconfig
    sha256: A27FDED885B7732BFB56EFAABBFCDF1290D76CE9E937002E1964407947F743D3
    strategy:
      method: section
      type: merge
    targetPath: .editorconfig
  packPath: editorconfig-baseline/1.0.0
  sourcePath: projects/packs
  version: 1.0.0
- sourceIdentity:
    path: projects/packs
    type: local
  sourceName: repository-packs
  externalSources: {}
  packs: []
  id: dotnet-csharp-editorconfig
  managedFiles:
  - content: IyBCRUdJTiBMdW5hUGFjayBDU2hhcnAgRWRpdG9yQ29uZmlnClsqLmNzXQppbmRlbnRfc2l6ZSA9IDQKZG90bmV0X3NlcGFyYXRlX2ltcG9ydF9kaXJlY3RpdmVfZ3JvdXBzID0gZmFsc2UKZG90bmV0X3NvcnRfc3lzdGVtX2RpcmVjdGl2ZXNfZmlyc3QgPSB0cnVlCmNzaGFycF9zdHlsZV9uYW1lc3BhY2VfZGVjbGFyYXRpb25zID0gZmlsZV9zY29wZWQ6c3VnZ2VzdGlvbgpjc2hhcnBfdXNpbmdfZGlyZWN0aXZlX3BsYWNlbWVudCA9IG91dHNpZGVfbmFtZXNwYWNlOnN1Z2dlc3Rpb24KIyBFTkQgTHVuYVBhY2sgQ1NoYXJwIEVkaXRvckNvbmZpZwo=
    declaredTargetPath: .editorconfig
    sha256: A27FDED885B7732BFB56EFAABBFCDF1290D76CE9E937002E1964407947F743D3
    strategy:
      method: section
      type: merge
    targetPath: .editorconfig
  packPath: dotnet-csharp-editorconfig/1.0.0
  sourcePath: projects/packs
  version: 1.0.0
- sourceIdentity:
    path: projects/packs
    type: local
  sourceName: repository-packs
  externalSources: {}
  packs:
  - id: editorconfig-baseline
    version: 1.0.0
  - id: dotnet-csharp-editorconfig
    version: 1.0.0
  id: dotnet-editorconfig
  managedFiles: []
  packPath: dotnet-editorconfig/1.0.0
  sourcePath: projects/packs
  version: 1.0.0
- sourceIdentity:
    path: projects/packs
    type: local
  sourceName: repository-packs
  externalSources: {}
  packs: []
  id: csharpier
  managedFiles:
  - declaredTargetPath: dotnet-tools.json
    sha256: 1C2DC30A012C734013C2E5030ED75EAEC2510403C3A30B727C50558B12A65712
    strategy:
      method: json
      type: merge
    targetPath: dotnet-tools.json
  packPath: csharpier/1.0.0
  sourcePath: projects/packs
  version: 1.0.0
- sourceIdentity:
    path: projects/packs
    type: local
  sourceName: repository-packs
  externalSources: {}
  packs: []
  id: dotnet-build-config
  managedFiles:
  - declaredTargetPath: Directory.Build.props
    sha256: EEA42174CF225B5EE2FB9914AA08B4C2A9FE29BA97A510BF91C0F7866E47F7BE
    strategy:
      method: overwrite
      type: copy
    targetPath: Directory.Build.props
  packPath: dotnet-build-config/1.0.0
  sourcePath: projects/packs
  version: 1.0.0
- sourceIdentity:
    path: projects/packs
    type: local
  sourceName: repository-packs
  externalSources: {}
  packs: []
  id: dotnet-central-package-management
  managedFiles:
  - declaredTargetPath: Directory.Packages.props
    sha256: 716F039C9BB30F73F4E7928329ADBFD1D53D7A7B61D879609E53BEC9BC3147B8
    strategy:
      method: overwrite
      type: copy
    targetPath: Directory.Packages.props
  packPath: dotnet-central-package-management/1.0.0
  sourcePath: projects/packs
  version: 1.0.0
- sourceIdentity:
    path: projects/packs
    type: local
  sourceName: repository-packs
  externalSources: {}
  packs:
  - id: dotnet-build-config
    version: 1.0.0
  - id: dotnet-central-package-management
    version: 1.0.0
  id: dotnet-project
  managedFiles: []
  packPath: dotnet-project/1.0.0
  sourcePath: projects/packs
  version: 1.0.0
- sourceIdentity:
    path: projects/packs
    type: local
  sourceName: repository-packs
  externalSources: {}
  packs: []
  id: madr-template
  managedFiles:
  - declaredTargetPath: docs/adr/template.md
    sha256: 719EC1865DCFE2E769B206C5B2DA8E508DA1A9CA351ACC0D09AB641934AD4EB1
    strategy:
      method: overwrite
      type: copy
    targetPath: docs/adr/template.md
  packPath: madr-template/1.0.0
  sourcePath: projects/packs
  version: 1.0.0
- sourceIdentity:
    path: projects/packs
    type: local
  sourceName: repository-packs
  destination: docs/internal/development/coding-guidelines
  externalSources: {}
  packs: []
  id: clean-code-guidelines
  managedFiles:
  - declaredTargetPath: clean-code.md
    sha256: FCFB2189F090A79189BFC66BDD6E24B456BF6619290FA8165159C568DB1BE6C3
    strategy:
      method: overwrite
      type: copy
    targetPath: docs/internal/development/coding-guidelines/clean-code.md
  packPath: clean-code-guidelines/1.0.0
  sourcePath: projects/packs
  version: 1.0.0
- sourceIdentity:
    path: projects/packs
    type: local
  sourceName: repository-packs
  destination: docs/internal/development/coding-guidelines
  externalSources: {}
  packs: []
  id: csharp-guidelines
  managedFiles:
  - declaredTargetPath: csharp.md
    sha256: 1BA39421B5C119373BB6F7B57C9768CD53F84699E8397E5187B99EB0F31FB9FE
    strategy:
      method: overwrite
      type: copy
    targetPath: docs/internal/development/coding-guidelines/csharp.md
  packPath: csharp-guidelines/1.0.0
  sourcePath: projects/packs
  version: 1.0.0
- sourceIdentity:
    path: projects/packs
    type: local
  sourceName: repository-packs
  externalSources: {}
  packs: []
  id: license-mit
  managedFiles:
  - declaredTargetPath: LICENSE.md
    sha256: F602B91C46DDF2C380F178700AC57C66637B633EFE11129CC6206E94ADE58C12
    strategy:
      method: overwrite
      type: copy
    targetPath: LICENSE.md
  packPath: license-mit/1.0.0
  sourcePath: projects/packs
  version: 1.0.0
- sourceIdentity:
    path: projects/packs
    type: local
  sourceName: repository-packs
  externalSources: {}
  packs: []
  id: gitignore-baseline
  managedFiles:
  - content: IyBCRUdJTiBMdW5hcGFjayBnZW5lcmFsIGlnbm9yZXMKIyBPcGVyYXRpbmctc3lzdGVtIGZpbGVzCi5EU19TdG9yZQpUaHVtYnMuZGIKCiMgRWRpdG9yLWxvY2FsIGZpbGVzCi52c2NvZGUvKgohLnZzY29kZS9zZXR0aW5ncy5qc29uCiEudnNjb2RlL3Rhc2tzLmpzb24KIS52c2NvZGUvbGF1bmNoLmpzb24KIS52c2NvZGUvZXh0ZW5zaW9ucy5qc29uCiEudnNjb2RlLyouY29kZS1zbmlwcGV0cwohKi5jb2RlLXdvcmtzcGFjZQoqLnZzaXgKIyBFTkQgTHVuYXBhY2sgZ2VuZXJhbCBpZ25vcmVz
    declaredTargetPath: .gitignore
    sha256: 26871706BD576549E2746E90BB25C142C180FE95F1B175F531F208B7F689BDCC
    strategy:
      method: section
      type: merge
    targetPath: .gitignore
  packPath: gitignore-baseline/1.0.0
  sourcePath: projects/packs
  version: 1.0.0
- sourceIdentity:
    path: projects/packs
    type: local
  sourceName: repository-packs
  externalSources: {}
  packs: []
  id: commitlint
  managedFiles:
  - declaredTargetPath: .commitlintrc.cjs
    sha256: 570D5388F1C6024332B1187B3224899827A25325266447DEC4D3FDE3C757577A
    strategy:
      method: overwrite
      type: copy
    targetPath: .commitlintrc.cjs
  - declaredTargetPath: docs/developer/conventional-commits.md
    sha256: 6BFD26C85FFD0A1F62BDA498FB90CFCC502A03292FA03BE29E8F5373DF301CF4
    strategy:
      method: overwrite
      type: copy
    targetPath: docs/developer/conventional-commits.md
  packPath: commitlint/1.0.0
  sourcePath: projects/packs
  version: 1.0.0
- sourceIdentity:
    path: projects/packs
    type: local
  sourceName: repository-packs
  externalSources: {}
  packs:
  - id: commitlint
    version: 1.0.0
  id: github-commitlint-workflow
  managedFiles:
  - declaredTargetPath: .github/workflows/pull-request-validation.yml
    sha256: 7B4FDF64CF86FDE6B340AA324B23A707C3F26D25B22622D9EEC61EE1985FE240
    strategy:
      method: overwrite
      type: copy
    targetPath: .github/workflows/pull-request-validation.yml
  - declaredTargetPath: docs/developer/github-actions/pull-request-validation.md
    sha256: D41A122F88F0B1D9D9A1E296597B7A422A03993A69CA02D7D1F2FD35DD66848A
    strategy:
      method: overwrite
      type: copy
    targetPath: docs/developer/github-actions/pull-request-validation.md
  packPath: github-commitlint-workflow/1.0.0
  sourcePath: projects/packs
  version: 1.0.0
- sourceIdentity:
    path: projects/packs
    type: local
  sourceName: repository-packs
  externalSources: {}
  packs: []
  id: github-pull-request-gate-workflow
  managedFiles:
  - declaredTargetPath: .github/workflows/pull-request-check-gate.yml
    sha256: CAA665A4E46F2B1EB4F83FA26EFCC2930A88D96FDC0C9EED999C1C04F46601DB
    strategy:
      method: overwrite
      type: copy
    targetPath: .github/workflows/pull-request-check-gate.yml
  - declaredTargetPath: .github/scripts/validate-external-checks.js
    sha256: 712631F59BB15F1D85F3F2EEF24E9CE8795169A8EA13EDF5828B4D57F3A82430
    strategy:
      method: overwrite
      type: copy
    targetPath: .github/scripts/validate-external-checks.js
  - declaredTargetPath: docs/developer/github-actions/pull-request-check-gate.md
    sha256: D81458BDF8C2DEBBDE1997A4A8061693F3F325A53A6EC948CA919FAD7B80B3D0
    strategy:
      method: overwrite
      type: copy
    targetPath: docs/developer/github-actions/pull-request-check-gate.md
  packPath: github-pull-request-gate-workflow/1.0.0
  sourcePath: projects/packs
  version: 1.0.0
- sourceIdentity:
    path: projects/packs
    type: local
  sourceName: repository-packs
  externalSources: {}
  packs: []
  id: vscode-dotnet-workspace
  managedFiles:
  - declaredTargetPath: .vscode/settings.json
    sha256: 6D64710A45F011DC409DC2858A24BFFB425FAAAE6C36B38F3849C48800EA4D3B
    strategy:
      method: json
      type: merge
    targetPath: .vscode/settings.json
  - declaredTargetPath: .vscode/extensions.json
    sha256: 273E5340D9767A926BFCC31E87424F1CF699266A26E6E26B3B8250EA46B52EDC
    strategy:
      method: json
      type: merge
    targetPath: .vscode/extensions.json
  packPath: vscode-dotnet-workspace/1.0.0
  sourcePath: projects/packs
  version: 1.0.0
- sourceIdentity:
    path: projects/packs
    type: local
  sourceName: repository-packs
  externalSources: {}
  packs:
  - id: gitignore-baseline
    version: 1.0.0
  - id: dotnet-gitignore
    version: 1.0.0
  - id: dotnet-sdk-10
    version: 1.0.0
  - id: dotnet-editorconfig
    version: 1.0.0
  - id: csharpier
    version: 1.0.0
  - id: dotnet-project
    version: 1.0.0
  - id: vscode-dotnet-workspace
    version: 1.0.0
  id: dotnet-repository
  managedFiles: []
  packPath: dotnet-repository/1.0.0
  sourcePath: projects/packs
  version: 1.0.0
- sourceIdentity:
    path: projects/packs
    type: local
  sourceName: repository-packs
  externalSources: {}
  packs:
  - id: github-commitlint-workflow
    version: 1.0.0
  - id: github-pull-request-gate-workflow
    version: 1.0.0
  id: github-pull-request-quality
  managedFiles: []
  packPath: github-pull-request-quality/1.0.0
  sourcePath: projects/packs
  version: 1.0.0
- sourceIdentity:
    path: projects/packs
    type: local
  sourceName: repository-packs
  externalSources: {}
  packs: []
  id: husky
  managedFiles:
  - declaredTargetPath: package.json
    sha256: 3CF65FA51C6EE4330773316CEDAE509D970A16B07B4290869C4FF656D2F9EFD4
    strategy:
      method: json
      type: merge
    targetPath: package.json
  packPath: husky/1.0.0
  sourcePath: projects/packs
  version: 1.0.0
- sourceIdentity:
    path: projects/packs
    type: local
  sourceName: repository-packs
  externalSources: {}
  packs: []
  id: lint-staged
  managedFiles:
  - declaredTargetPath: package.json
    sha256: 3CF65FA51C6EE4330773316CEDAE509D970A16B07B4290869C4FF656D2F9EFD4
    strategy:
      method: json
      type: merge
    targetPath: package.json
  packPath: lint-staged/1.0.0
  sourcePath: projects/packs
  version: 1.0.0
- sourceIdentity:
    path: projects/packs
    type: local
  sourceName: repository-packs
  externalSources: {}
  packs:
  - id: husky
    version: 1.0.0
  - id: lint-staged
    version: 1.0.0
  id: husky-lint-staged
  managedFiles:
  - declaredTargetPath: .husky/pre-commit
    sha256: E2B7C9733375D7182AF2033BDA9A7D2A05D0DB5EEF5BE53D26EB7B5F3DF8FBC3
    strategy:
      method: overwrite
      type: copy
    targetPath: .husky/pre-commit
  packPath: husky-lint-staged/1.0.0
  sourcePath: projects/packs
  version: 1.0.0
- sourceIdentity:
    path: projects/packs
    type: local
  sourceName: repository-packs
  externalSources: {}
  packs: []
  id: markdownlint-config
  managedFiles:
  - declaredTargetPath: .markdownlint.json
    sha256: 9AD22E43564E4C076EB491A1ECD38B015398C07568F2B3BE2305D4F8B37673E5
    strategy:
      method: overwrite
      type: copy
    targetPath: .markdownlint.json
  packPath: markdownlint-config/1.0.0
  sourcePath: projects/packs
  version: 1.0.0
- sourceIdentity:
    path: projects/packs
    type: local
  sourceName: repository-packs
  externalSources: {}
  packs:
  - id: lint-staged
    version: 1.0.0
  - id: markdownlint-config
    version: 1.0.0
  id: lint-staged-markdownlint
  managedFiles:
  - declaredTargetPath: package.json
    sha256: 3CF65FA51C6EE4330773316CEDAE509D970A16B07B4290869C4FF656D2F9EFD4
    strategy:
      method: json
      type: merge
    targetPath: package.json
  packPath: lint-staged-markdownlint/1.0.0
  sourcePath: projects/packs
  version: 1.0.0
- sourceIdentity:
    path: projects/packs
    type: local
  sourceName: repository-packs
  externalSources: {}
  packs: []
  id: prettier-config
  managedFiles:
  - declaredTargetPath: package.json
    sha256: 3CF65FA51C6EE4330773316CEDAE509D970A16B07B4290869C4FF656D2F9EFD4
    strategy:
      method: json
      type: merge
    targetPath: package.json
  - declaredTargetPath: prettier.config.cjs
    sha256: B42BCBE0E0C94397889990ACDB5A2CF0F86D5C6D93FF8941DAE72E859C11CC65
    strategy:
      method: overwrite
      type: copy
    targetPath: prettier.config.cjs
  packPath: prettier-config/1.0.0
  sourcePath: projects/packs
  version: 1.0.0
- sourceIdentity:
    path: projects/packs
    type: local
  sourceName: repository-packs
  externalSources: {}
  packs:
  - id: lint-staged-markdownlint
    version: 1.0.0
  - id: prettier-config
    version: 1.0.0
  id: lint-staged-markdown
  managedFiles:
  - declaredTargetPath: package.json
    sha256: 3CF65FA51C6EE4330773316CEDAE509D970A16B07B4290869C4FF656D2F9EFD4
    strategy:
      method: json
      type: merge
    targetPath: package.json
  packPath: lint-staged-markdown/1.0.0
  sourcePath: projects/packs
  version: 1.0.0
- sourceIdentity:
    path: projects/packs
    type: local
  sourceName: repository-packs
  externalSources: {}
  packs:
  - id: lint-staged
    version: 1.0.0
  - id: prettier-config
    version: 1.0.0
  id: lint-staged-json
  managedFiles:
  - declaredTargetPath: package.json
    sha256: 3CF65FA51C6EE4330773316CEDAE509D970A16B07B4290869C4FF656D2F9EFD4
    strategy:
      method: json
      type: merge
    targetPath: package.json
  packPath: lint-staged-json/1.0.0
  sourcePath: projects/packs
  version: 1.0.0
- sourceIdentity:
    path: projects/packs
    type: local
  sourceName: repository-packs
  externalSources: {}
  packs:
  - id: lint-staged
    version: 1.0.0
  - id: prettier-config
    version: 1.0.0
  id: lint-staged-html
  managedFiles:
  - declaredTargetPath: package.json
    sha256: 3CF65FA51C6EE4330773316CEDAE509D970A16B07B4290869C4FF656D2F9EFD4
    strategy:
      method: json
      type: merge
    targetPath: package.json
  packPath: lint-staged-html/1.0.0
  sourcePath: projects/packs
  version: 1.0.0
- sourceIdentity:
    path: projects/packs
    type: local
  sourceName: repository-packs
  externalSources: {}
  packs:
  - id: lint-staged
    version: 1.0.0
  - id: prettier-config
    version: 1.0.0
  id: lint-staged-yaml
  managedFiles:
  - declaredTargetPath: package.json
    sha256: 3CF65FA51C6EE4330773316CEDAE509D970A16B07B4290869C4FF656D2F9EFD4
    strategy:
      method: json
      type: merge
    targetPath: package.json
  packPath: lint-staged-yaml/1.0.0
  sourcePath: projects/packs
  version: 1.0.0
- sourceIdentity:
    path: projects/packs
    type: local
  sourceName: repository-packs
  externalSources: {}
  packs:
  - id: lint-staged
    version: 1.0.0
  - id: prettier-config
    version: 1.0.0
  id: lint-staged-css
  managedFiles:
  - declaredTargetPath: package.json
    sha256: 3CF65FA51C6EE4330773316CEDAE509D970A16B07B4290869C4FF656D2F9EFD4
    strategy:
      method: json
      type: merge
    targetPath: package.json
  packPath: lint-staged-css/1.0.0
  sourcePath: projects/packs
  version: 1.0.0
- sourceIdentity:
    path: projects/packs
    type: local
  sourceName: repository-packs
  externalSources: {}
  packs:
  - id: lint-staged
    version: 1.0.0
  - id: prettier-config
    version: 1.0.0
  id: lint-staged-scss
  managedFiles:
  - declaredTargetPath: package.json
    sha256: 3CF65FA51C6EE4330773316CEDAE509D970A16B07B4290869C4FF656D2F9EFD4
    strategy:
      method: json
      type: merge
    targetPath: package.json
  packPath: lint-staged-scss/1.0.0
  sourcePath: projects/packs
  version: 1.0.0
- sourceIdentity:
    path: projects/packs
    type: local
  sourceName: repository-packs
  externalSources: {}
  packs:
  - id: lint-staged-markdown
    version: 1.0.0
  - id: lint-staged-json
    version: 1.0.0
  - id: lint-staged-html
    version: 1.0.0
  - id: lint-staged-yaml
    version: 1.0.0
  - id: lint-staged-css
    version: 1.0.0
  - id: lint-staged-scss
    version: 1.0.0
  id: lint-staged-quality
  managedFiles: []
  packPath: lint-staged-quality/1.0.0
  sourcePath: projects/packs
  version: 1.0.0
- sourceIdentity:
    path: projects/packs
    type: local
  sourceName: repository-packs
  externalSources: {}
  packs:
  - id: lint-staged
    version: 1.0.0
  id: lint-staged-csharp
  managedFiles:
  - declaredTargetPath: package.json
    sha256: 3CF65FA51C6EE4330773316CEDAE509D970A16B07B4290869C4FF656D2F9EFD4
    strategy:
      method: json
      type: merge
    targetPath: package.json
  packPath: lint-staged-csharp/1.0.0
  sourcePath: projects/packs
  version: 1.0.0
- sourceIdentity:
    path: projects/packs
    type: local
  sourceName: repository-packs
  externalSources: {}
  packs:
  - id: lint-staged-quality
    version: 1.0.0
  - id: lint-staged-csharp
    version: 1.0.0
  id: lint-staged-dotnet-quality
  managedFiles: []
  packPath: lint-staged-dotnet-quality/1.0.0
  sourcePath: projects/packs
  version: 1.0.0
- sourceIdentity:
    path: projects/packs
    type: local
  sourceName: repository-packs
  externalSources: {}
  packs:
  - id: husky-lint-staged
    version: 1.0.0
  - id: lint-staged-dotnet-quality
    version: 1.0.0
  id: husky-lint-staged-dotnet-quality
  managedFiles: []
  packPath: husky-lint-staged-dotnet-quality/1.0.0
  sourcePath: projects/packs
  version: 1.0.0
- sourceIdentity:
    path: projects/packs
    type: local
  sourceName: repository-packs
  externalSources: {}
  packs: []
  id: github-copilot-setup-workflow
  managedFiles:
  - declaredTargetPath: .github/workflows/copilot-setup-steps.yml
    sha256: 42AFBE9BB47FFC0D01707F0528D1A52DBF2CDBAE9FC0730C85C0B6CFAF85CD4D
    strategy:
      method: overwrite
      type: copy
    targetPath: .github/workflows/copilot-setup-steps.yml
  packPath: github-copilot-setup-workflow/1.0.0
  sourcePath: projects/packs
  version: 1.0.0
schemaVersion: 1
