{
  "version": 2,
  "dependencies": {
    "net10.0": {
      "CSharpier.MsBuild": {
        "type": "Direct",
        "requested": "[1.3.0, )",
        "resolved": "1.3.0",
        "contentHash": "jzzLpmz7F6LyBh5FTZy8/4dEYVcAG9VjBPKryZ82LIoUuupcBkCSXzaeS/4oYcp/rBC8yVLcDstJ8CIv9n2IFw=="
      },
      "Meziantou.Analyzer": {
        "type": "Direct",
        "requested": "[3.0.159, )",
        "resolved": "3.0.159",
        "contentHash": "VPNxfghpjFUAv6fLLVU6dNhqRrqFyAYb/CDPq+mA/KhAUv5I0ozpYi4UmvUfqPpmcVeDJiHYND486Epv149OcA=="
      },
      "Microsoft.DotNet.ILCompiler": {
        "type": "Direct",
        "requested": "[10.0.11, )",
        "resolved": "10.0.11",
        "contentHash": "yloFUsIQOzspIsn2cDHrbgikKaWHAZspzj0EWxnWJJpFC89IBW64OXgCECsrrnzGWQvy1iLX9r5/R4zBf7Am3g=="
      },
      "Microsoft.Extensions.FileSystemGlobbing": {
        "type": "Direct",
        "requested": "[10.0.11, )",
        "resolved": "10.0.11",
        "contentHash": "2i6rtW/B5rCnWCnhdmWWEmaM9O0HD0zsPY9eRqa++y4tclI3Uw8zvGbBvhY/LjAdtf8gUHhUPcAWj3DRlWMXmQ=="
      },
      "Microsoft.NET.ILLink.Tasks": {
        "type": "Direct",
        "requested": "[10.0.11, )",
        "resolved": "10.0.11",
        "contentHash": "IBf7lbovvjGWVWXZX5cJ/cO0WXbId0Zq4BuSeT94mGZuOAP66oMeH9PTBZ9Jpp3Jb6jtK0qm/NyUbPRo1gC/wQ=="
      },
      "MinVer": {
        "type": "Direct",
        "requested": "[7.0.0, )",
        "resolved": "7.0.0",
        "contentHash": "2lMTCQl5bGP4iv0JNkockPnyllC6eHLz+CoK2ICvalvHod+exXSxueu9hq+zNkU7bZBJf8wMfeRC/Edn8AGmEg=="
      },
      "NuGet.Versioning": {
        "type": "Direct",
        "requested": "[7.9.0, )",
        "resolved": "7.9.0",
        "contentHash": "r4sZuVpVqwSBLe4qYDrnpScqdyctlRXg0HSF5OoCGkeBc8b+o8BBYHuI/u1RoWYX78PbieijU13TBt71/Xf3lw=="
      },
      "Scriban": {
        "type": "Direct",
        "requested": "[7.2.6, )",
        "resolved": "7.2.6",
        "contentHash": "k6DvaRY83jtigNudMoYlN5Zg42JEDDOCSeKrnpHiE5Gthkd9Fr+6VnYFnL3DqtkZTtPezJJdoX3ZfOTTFpQEMg=="
      },
      "Spectre.Console": {
        "type": "Direct",
        "requested": "[0.54.0, )",
        "resolved": "0.54.0",
        "contentHash": "StDXCFayfy0yB1xzUHT2tgEpV1/HFTiS4JgsAQS49EYTfMixSwwucaQs/bIOCwXjWwIQTMuxjUIxcB5XsJkFJA=="
      },
      "System.CommandLine": {
        "type": "Direct",
        "requested": "[2.0.11, )",
        "resolved": "2.0.11",
        "contentHash": "Pmg3/T0M37ZS3ovwPHtfBNTCdqNpnxo+tnZMg8JDHVR0qD8KwcPUKlheEiZysb1En8IyH7yDoa9QDq97Ny/vhQ=="
      },
      "System.IO.Abstractions": {
        "type": "Direct",
        "requested": "[22.2.0, )",
        "resolved": "22.2.0",
        "contentHash": "fwnNXyIPb7ABPLae6K9YZz0FAkRjb2s/nElRWrg73usMveY/qdOHjKaNvAF7iAfmzTl1W4wa7S/SnmIc4LDvTg==",
        "dependencies": {
          "TestableIO.System.IO.Abstractions": "22.2.0",
          "TestableIO.System.IO.Abstractions.Wrappers": "22.2.0"
        }
      },
      "Vecc.YamlDotNet.Analyzers.StaticGenerator": {
        "type": "Direct",
        "requested": "[18.1.0, )",
        "resolved": "18.1.0",
        "contentHash": "LCS3M8xDJUoeSkKCi8i7mN/L0ODIrxLfF1Qy+PgkpxScBx1GLntgb+grV8f2byKnjoRwybJDc00nqEfvw4fX4g=="
      },
      "YamlDotNet": {
        "type": "Direct",
        "requested": "[18.1.0, )",
        "resolved": "18.1.0",
        "contentHash": "5K+9KFg2TdTl7VXv88Qzi/0lqK6JFoNP3lRuImPYGRV7K/QYklDyTrj4+A+KAki1JsQi6qKY+hDyY7d6WRqjrw=="
      },
      "TestableIO.System.IO.Abstractions": {
        "type": "Transitive",
        "resolved": "22.2.0",
        "contentHash": "BQPyr0A1s2HvpVTZIyolrZ3ZdPn8DU2tqciaK1oco3pjm76fiKIk75eup4R9reZjNS75M+WJIICOlNX5OFt50g==",
        "dependencies": {
          "Testably.Abstractions.FileSystem.Interface": "10.3.0"
        }
      },
      "TestableIO.System.IO.Abstractions.Wrappers": {
        "type": "Transitive",
        "resolved": "22.2.0",
        "contentHash": "0GW9i46ozm687WGAWsBHWMhLR7l1HmKwhiSU2hQrbFnI5m2YRfqXwqTQNjnOwT8BdbvcGqwMr97/zlnPWa1u1Q==",
        "dependencies": {
          "Testably.Abstractions.FileSystem.Interface": "10.3.0"
        }
      },
      "Testably.Abstractions.FileSystem.Interface": {
        "type": "Transitive",
        "resolved": "10.3.0",
        "contentHash": "5ebMaoADkzjfW7GnZYKaUebV8XmUn++C/4sKk1PTzCiddEgbSKBq3pW4EWEi70rYJAK0gA1yDWrYFeHq18FvHQ=="
      }
    },
    "net10.0/linux-arm64": {
      "Microsoft.DotNet.ILCompiler": {
        "type": "Direct",
        "requested": "[10.0.11, )",
        "resolved": "10.0.11",
        "contentHash": "yloFUsIQOzspIsn2cDHrbgikKaWHAZspzj0EWxnWJJpFC89IBW64OXgCECsrrnzGWQvy1iLX9r5/R4zBf7Am3g==",
        "dependencies": {
          "runtime.linux-arm64.Microsoft.DotNet.ILCompiler": "10.0.11"
        }
      },
      "runtime.linux-arm64.Microsoft.DotNet.ILCompiler": {
        "type": "Transitive",
        "resolved": "10.0.11",
        "contentHash": "SlLhVljt2e2nIYTOqzNUBr6pjOiC5SjSQyTnORuz845gXUKa2zuRYim/MA+s/V66bcd3q26EumASTOYc8ttLew=="
      }
    },
    "net10.0/linux-x64": {
      "Microsoft.DotNet.ILCompiler": {
        "type": "Direct",
        "requested": "[10.0.11, )",
        "resolved": "10.0.11",
        "contentHash": "yloFUsIQOzspIsn2cDHrbgikKaWHAZspzj0EWxnWJJpFC89IBW64OXgCECsrrnzGWQvy1iLX9r5/R4zBf7Am3g==",
        "dependencies": {
          "runtime.linux-x64.Microsoft.DotNet.ILCompiler": "10.0.11"
        }
      },
      "runtime.linux-x64.Microsoft.DotNet.ILCompiler": {
        "type": "Transitive",
        "resolved": "10.0.11",
        "contentHash": "0lJviBev2CvBdrLhMCJ1hmwOKgjbk1ccRy+brEewywtK4TMft1WaVXv112j6OuTQg8ZMbnN/i3KRD3S6o4NJDw=="
      }
    },
    "net10.0/osx-arm64": {
      "Microsoft.DotNet.ILCompiler": {
        "type": "Direct",
        "requested": "[10.0.11, )",
        "resolved": "10.0.11",
        "contentHash": "yloFUsIQOzspIsn2cDHrbgikKaWHAZspzj0EWxnWJJpFC89IBW64OXgCECsrrnzGWQvy1iLX9r5/R4zBf7Am3g==",
        "dependencies": {
          "runtime.osx-arm64.Microsoft.DotNet.ILCompiler": "10.0.11"
        }
      },
      "runtime.osx-arm64.Microsoft.DotNet.ILCompiler": {
        "type": "Transitive",
        "resolved": "10.0.11",
        "contentHash": "4cxybmyqJI3zZIKkNM1Ft0aq6Q4q6b4SJ11Np5j9lrHHurfheI66dUshpZD/UEMjMqAdg9O03AABAYLYSUzwyw=="
      }
    },
    "net10.0/osx-x64": {
      "Microsoft.DotNet.ILCompiler": {
        "type": "Direct",
        "requested": "[10.0.11, )",
        "resolved": "10.0.11",
        "contentHash": "yloFUsIQOzspIsn2cDHrbgikKaWHAZspzj0EWxnWJJpFC89IBW64OXgCECsrrnzGWQvy1iLX9r5/R4zBf7Am3g==",
        "dependencies": {
          "runtime.osx-x64.Microsoft.DotNet.ILCompiler": "10.0.11"
        }
      },
      "runtime.osx-x64.Microsoft.DotNet.ILCompiler": {
        "type": "Transitive",
        "resolved": "10.0.11",
        "contentHash": "Nf7MRJg0HZ4G7icNbW8T49O/9UU6x8XoUPffkk3Uh+r+mDAUFHkhIptUc0wDdIRrouJrLt0IJp0LiaQJUB7DbA=="
      }
    },
    "net10.0/win-x64": {
      "Microsoft.DotNet.ILCompiler": {
        "type": "Direct",
        "requested": "[10.0.11, )",
        "resolved": "10.0.11",
        "contentHash": "yloFUsIQOzspIsn2cDHrbgikKaWHAZspzj0EWxnWJJpFC89IBW64OXgCECsrrnzGWQvy1iLX9r5/R4zBf7Am3g==",
        "dependencies": {
          "runtime.win-x64.Microsoft.DotNet.ILCompiler": "10.0.11"
        }
      },
      "runtime.win-x64.Microsoft.DotNet.ILCompiler": {
        "type": "Transitive",
        "resolved": "10.0.11",
        "contentHash": "D6ZKMo3NeTnos7l5S8bMmiPm4LK+y15Q/uduyPw7FX+xKbeWVWdwlcZGkLLPjLvW4ZO6o3ACanq5HsSXJgrt0g=="
      }
    }
  }
}
