links: {}
packs:
- sourceIdentity:
    path: ../projects/packs
    type: local
  sourceName: repository-packs
  externalSources: {}
  packs: []
  id: github-copilot-setup
  managedFiles:
  - declaredTargetPath: .github/workflows/copilot-setup-steps.yml
    sha256: DDD98A4D9B9F2865A379564E148E5DBCBBAC2E735B844BD6114B90B8A907C3F1
    strategy:
      method: overwrite
      type: copy
    targetPath: .github/workflows/copilot-setup-steps.yml
  packPath: github-copilot-setup
  sourcePath: ../projects/packs
  version: 1.0.0
- sourceIdentity:
    path: ../projects/packs
    type: local
  sourceName: repository-packs
  externalSources: {}
  packs: []
  id: github-community-health
  managedFiles:
  - declaredTargetPath: CODE_OF_CONDUCT.md
    sha256: 36BDCD47F14E5D9C4FDFF532ABFB2446346B2BF66A6C3D2A0FA5B39DC43BDD56
    strategy:
      method: overwrite
      type: copy
    targetPath: CODE_OF_CONDUCT.md
  - declaredTargetPath: SECURITY.md
    sha256: BCE413137E6CE814F94901F6B9E0C09AEC1A029E0D066960FB79196EC7719EB9
    strategy:
      method: overwrite
      type: copy
    targetPath: SECURITY.md
  - declaredTargetPath: SUPPORT.md
    sha256: 7B30B3167594F4B25C7EFDDCD22500B5BC48C5EEFF82C8D636B93430EF3929C0
    strategy:
      method: overwrite
      type: copy
    targetPath: SUPPORT.md
  packPath: github-community-health
  sourcePath: ../projects/packs
  version: 1.0.0
- sourceIdentity:
    path: ../projects/packs
    type: local
  sourceName: repository-packs
  externalSources: {}
  packs: []
  id: github-issue-forms
  managedFiles:
  - declaredTargetPath: .github/ISSUE_TEMPLATE/bug.yml
    sha256: 0E77C6DE80F7676AB7AD34FEFDA5147A023C9585C17722A42C0AFA004439B646
    strategy:
      method: overwrite
      type: copy
    targetPath: .github/ISSUE_TEMPLATE/bug.yml
  - declaredTargetPath: .github/ISSUE_TEMPLATE/config.yml
    sha256: EA7CB6FCB31A2FD3853D2A1D908305A56B9A3E335557248E45A49E3B3CC16195
    strategy:
      method: overwrite
      type: copy
    targetPath: .github/ISSUE_TEMPLATE/config.yml
  - declaredTargetPath: .github/ISSUE_TEMPLATE/feature.yml
    sha256: 6A52130B2AC309E6F3CB62BB2979DE7664AA79120232B093B788F4E3825CED5E
    strategy:
      method: overwrite
      type: copy
    targetPath: .github/ISSUE_TEMPLATE/feature.yml
  packPath: github-issue-forms
  sourcePath: ../projects/packs
  version: 1.0.0
- sourceIdentity:
    path: ../projects/packs
    type: local
  sourceName: repository-packs
  externalSources: {}
  packs: []
  id: repository-contribution-guide
  managedFiles:
  - declaredTargetPath: CONTRIBUTING.md
    sha256: B0E5D1E20CBFFBC477F11B6BAB405737398B6A9721D327A74C38E16082BA1331
    strategy:
      method: overwrite
      type: copy
    targetPath: CONTRIBUTING.md
  packPath: repository-contribution-guide
  sourcePath: ../projects/packs
  version: 1.0.0
- sourceIdentity:
    path: ../projects/packs
    type: local
  sourceName: repository-packs
  externalSources: {}
  packs:
  - id: github-community-health
    version: 1.0.0
  - id: github-issue-forms
    version: 1.0.0
  - id: repository-contribution-guide
    version: 1.0.0
  id: github-open-source-baseline
  managedFiles: []
  packPath: github-open-source-baseline
  sourcePath: ../projects/packs
  version: 1.0.0
- sourceIdentity:
    path: ../projects/packs
    type: local
  sourceName: repository-packs
  externalSources: {}
  packs: []
  id: markdownlint-config
  managedFiles:
  - declaredTargetPath: .markdownlint.json
    sha256: 9AD22E43564E4C076EB491A1ECD38B015398C07568F2B3BE2305D4F8B37673E5
    strategy:
      method: overwrite
      type: copy
    targetPath: .markdownlint.json
  packPath: markdownlint-config
  sourcePath: ../projects/packs
  version: 1.0.0
- sourceIdentity:
    path: ../projects/packs
    type: local
  sourceName: repository-packs
  externalSources: {}
  packs: []
  id: prettier-standard-config
  managedFiles:
  - declaredTargetPath: prettier.config.cjs
    sha256: B42BCBE0E0C94397889990ACDB5A2CF0F86D5C6D93FF8941DAE72E859C11CC65
    strategy:
      method: overwrite
      type: copy
    targetPath: prettier.config.cjs
  - declaredTargetPath: package.json
    sha256: E21801F1801F294102F295896F118152E1EE06D0FF1A16CD4631A5A67A2493DE
    strategy:
      method: json
      type: merge
    targetPath: package.json
  packPath: prettier-standard-config
  sourcePath: ../projects/packs
  version: 1.0.0
- sourceIdentity:
    path: ../projects/packs
    type: local
  sourceName: repository-packs
  externalSources: {}
  packs: []
  id: madr-adr-template
  managedFiles:
  - declaredTargetPath: docs/adr/template.md
    sha256: 719EC1865DCFE2E769B206C5B2DA8E508DA1A9CA351ACC0D09AB641934AD4EB1
    strategy:
      method: overwrite
      type: copy
    targetPath: docs/adr/template.md
  packPath: madr-adr-template
  sourcePath: ../projects/packs
  version: 1.0.0
- sourceIdentity:
    path: ../projects/packs
    type: local
  sourceName: repository-packs
  externalSources: {}
  packs: []
  id: github-copilot-documentation-instructions
  managedFiles:
  - declaredTargetPath: .github/instructions/documentation.instructions.md
    sha256: 69AB4298A82D15E96F7646B769A0A36A6D1F122DCF45B34A34E5541C0F2D7D6C
    strategy:
      method: overwrite
      type: copy
    targetPath: .github/instructions/documentation.instructions.md
  - declaredTargetPath: .github/instructions/markdown.instructions.md
    sha256: 8C1CC6ABDB54C0C1E35692BBCBB28A62916EB23165BBD796DC91BC3CA9066771
    strategy:
      method: overwrite
      type: copy
    targetPath: .github/instructions/markdown.instructions.md
  packPath: github-copilot-documentation-instructions
  sourcePath: ../projects/packs
  version: 1.0.0
- sourceIdentity:
    path: ../projects/packs
    type: local
  sourceName: repository-packs
  externalSources: {}
  packs:
  - id: markdownlint-config
    version: 1.0.0
  - id: prettier-standard-config
    version: 1.0.0
  - id: madr-adr-template
    version: 1.0.0
  - id: github-copilot-documentation-instructions
    version: 1.0.0
  id: repository-documentation-quality
  managedFiles: []
  packPath: repository-documentation-quality
  sourcePath: ../projects/packs
  version: 1.0.0
- sourceIdentity:
    path: ../projects/packs
    type: local
  sourceName: repository-packs
  externalSources: {}
  packs: []
  id: clean-code-guidelines
  managedFiles:
  - declaredTargetPath: clean-code.md
    sha256: FCFB2189F090A79189BFC66BDD6E24B456BF6619290FA8165159C568DB1BE6C3
    strategy:
      method: overwrite
      type: copy
    targetPath: clean-code.md
  packPath: clean-code-guidelines
  sourcePath: ../projects/packs
  version: 1.0.0
- sourceIdentity:
    path: ../projects/packs
    type: local
  sourceName: repository-packs
  externalSources: {}
  packs: []
  id: csharp-guidelines
  managedFiles:
  - declaredTargetPath: csharp.md
    sha256: 1BA39421B5C119373BB6F7B57C9768CD53F84699E8397E5187B99EB0F31FB9FE
    strategy:
      method: overwrite
      type: copy
    targetPath: csharp.md
  packPath: csharp-guidelines
  sourcePath: ../projects/packs
  version: 1.0.0
- sourceIdentity:
    path: ../projects/packs
    type: local
  sourceName: repository-packs
  externalSources: {}
  packs:
  - id: clean-code-guidelines
    version: 1.0.0
  - id: csharp-guidelines
    version: 1.0.0
  id: github-copilot-dotnet-instructions
  managedFiles:
  - declaredTargetPath: .github/instructions/csharp.instructions.md
    sha256: A2E998684FDAED9035D23C1E998DCC4668826ACBD84CC817F89ECB4C1A8E2DEA
    strategy:
      method: overwrite
      type: copy
    targetPath: .github/instructions/csharp.instructions.md
  - declaredTargetPath: .github/instructions/dotnet-projects.instructions.md
    sha256: 6C62D767B278594A6304120C1F8658095A7E73241C4BAB563DEA8989AA47032F
    strategy:
      method: overwrite
      type: copy
    targetPath: .github/instructions/dotnet-projects.instructions.md
  packPath: github-copilot-dotnet-instructions
  sourcePath: ../projects/packs
  version: 1.0.0
- sourceIdentity:
    path: ../projects/packs
    type: local
  sourceName: repository-packs
  externalSources: {}
  packs:
  - id: github-copilot-dotnet-instructions
    version: 1.0.0
  id: dotnet-coding-guidance
  managedFiles: []
  packPath: dotnet-coding-guidance
  sourcePath: ../projects/packs
  version: 1.0.0
schemaVersion: 1
