{
  "version": 2,
  "dependencies": {
    "net10.0": {
      "CSharpier.MsBuild": {
        "type": "Direct",
        "requested": "[1.3.0, )",
        "resolved": "1.3.0",
        "contentHash": "jzzLpmz7F6LyBh5FTZy8/4dEYVcAG9VjBPKryZ82LIoUuupcBkCSXzaeS/4oYcp/rBC8yVLcDstJ8CIv9n2IFw=="
      },
      "Meziantou.Analyzer": {
        "type": "Direct",
        "requested": "[3.0.159, )",
        "resolved": "3.0.159",
        "contentHash": "VPNxfghpjFUAv6fLLVU6dNhqRrqFyAYb/CDPq+mA/KhAUv5I0ozpYi4UmvUfqPpmcVeDJiHYND486Epv149OcA=="
      },
      "Spectre.Console.Testing": {
        "type": "Direct",
        "requested": "[0.54.0, )",
        "resolved": "0.54.0",
        "contentHash": "9QjSrRH+scy66ppmOLDiSno0Uh1ISJL18FqmTQDFNvK/oNI1DaI30cy2Uj6v0gxLZghtc/eKTwXtPpe0KKfHXw==",
        "dependencies": {
          "Spectre.Console": "0.54.0"
        }
      },
      "System.IO.Abstractions.TestingHelpers": {
        "type": "Direct",
        "requested": "[22.2.0, )",
        "resolved": "22.2.0",
        "contentHash": "yVy8HIx57CFwf9Z5UMYbrokQtLdwf7f004UiR8XhA70Q3BWlIAYDaOUk7ZhDp3BtIgh739dgJkqGmSN0LUA50Q==",
        "dependencies": {
          "TestableIO.System.IO.Abstractions.TestingHelpers": "22.2.0"
        }
      },
      "TUnit": {
        "type": "Direct",
        "requested": "[1.65.68, )",
        "resolved": "1.65.68",
        "contentHash": "m9T37lAzkKxAbnj3PkKQ9irRC0CvL8P2tuE2UzRyEsaaWMZZXIDHmSqjs4RDN4URnvT8iFfp3/1TLPUi4cwtXg==",
        "dependencies": {
          "Microsoft.Testing.Extensions.CodeCoverage": "18.10.0",
          "Microsoft.Testing.Extensions.Telemetry": "2.3.3",
          "Microsoft.Testing.Extensions.TrxReport": "2.3.3",
          "TUnit.Assertions": "1.65.68",
          "TUnit.Engine": "1.65.68"
        }
      },
      "YamlDotNet": {
        "type": "Direct",
        "requested": "[18.1.0, )",
        "resolved": "18.1.0",
        "contentHash": "5K+9KFg2TdTl7VXv88Qzi/0lqK6JFoNP3lRuImPYGRV7K/QYklDyTrj4+A+KAki1JsQi6qKY+hDyY7d6WRqjrw=="
      },
      "Microsoft.ApplicationInsights": {
        "type": "Transitive",
        "resolved": "2.23.0",
        "contentHash": "nWArUZTdU7iqZLycLKWe0TDms48KKGE6pONH2terYNa8REXiqixrMOkf1sk5DHGMaUTqONU2YkS4SAXBhLStgw=="
      },
      "Microsoft.DiaSymReader": {
        "type": "Transitive",
        "resolved": "2.2.10",
        "contentHash": "zmGsm6b2y3STDa/Of7rdkkfTDV8VuGB8aCqIkLoJIQh5tL78K3zJ8OUyFKnfsaORXmGr9iOKwDkZfUjeXi+CwA=="
      },
      "Microsoft.Extensions.DependencyModel": {
        "type": "Transitive",
        "resolved": "10.0.10",
        "contentHash": "rfZA1RjR021RPqSmIPovfz2aOd79TGqJ9BengbjnzIISOVwjLmuSDnhCMmiY/1c6iYvGolQ1iNGzkav0u11XEA=="
      },
      "Microsoft.Testing.Extensions.CodeCoverage": {
        "type": "Transitive",
        "resolved": "18.10.0",
        "contentHash": "elUX4tKloHh2VCxagbmhV1039xBuE3lKXITtt/hUYU286hl+ja8poOUsF9OnevKoFKt7+p9vLb1LqqW7rFGi9Q==",
        "dependencies": {
          "Microsoft.DiaSymReader": "2.2.10",
          "Microsoft.Extensions.DependencyModel": "10.0.10",
          "Microsoft.Testing.Platform": "2.3.3"
        }
      },
      "Microsoft.Testing.Extensions.Telemetry": {
        "type": "Transitive",
        "resolved": "2.3.3",
        "contentHash": "nY8ceQyPWB9TRE1WE5Oe/sks2e10SxgPv61vBHsFYpgCeDtNwhpMZwmL29GklO3/etTdOsLdrCmNr4zJWaR2fg==",
        "dependencies": {
          "Microsoft.ApplicationInsights": "2.23.0",
          "Microsoft.Testing.Platform": "2.3.3"
        }
      },
      "Microsoft.Testing.Extensions.TrxReport": {
        "type": "Transitive",
        "resolved": "2.3.3",
        "contentHash": "vYBqGSlT94B8d6d4PRdPQ83ogn3kK4kXcnI3SlHBHZu1XsU01IDTMnWoto5v5wXN/Mz4XsVM3Do/sJdGRgH29g==",
        "dependencies": {
          "Microsoft.Testing.Extensions.TrxReport.Abstractions": "2.3.3",
          "Microsoft.Testing.Platform": "2.3.3"
        }
      },
      "Microsoft.Testing.Extensions.TrxReport.Abstractions": {
        "type": "Transitive",
        "resolved": "2.3.3",
        "contentHash": "dceVNxnfTEjKnrIreLcMfkgrzzBY8kgCCJX5NAv7Lq/6vPlTP4VB5zxKeuYy0yfCoBtWuPkLjUG6qtOBMfpypA==",
        "dependencies": {
          "Microsoft.Testing.Platform": "2.3.3"
        }
      },
      "Microsoft.Testing.Platform": {
        "type": "Transitive",
        "resolved": "2.3.3",
        "contentHash": "ENbH4BQh9riXtOKc25KKITfiGGWhWMBJA7pZuNaF9zxzzSaVkp5AMeZxGQ6sXYaR6xb724NLz985Is6XIYqLSg=="
      },
      "Microsoft.Testing.Platform.MSBuild": {
        "type": "Transitive",
        "resolved": "2.3.3",
        "contentHash": "iVAvNbZ5JPDZSrTcIrCDoCsAkzjDxwDEt2mDuMd8ng1P6e2P2NCd0g0BsoBVG+nJLSmK//V+yeEvjCa3E2fxHw==",
        "dependencies": {
          "Microsoft.Testing.Platform": "2.3.3"
        }
      },
      "TestableIO.System.IO.Abstractions": {
        "type": "Transitive",
        "resolved": "22.2.0",
        "contentHash": "BQPyr0A1s2HvpVTZIyolrZ3ZdPn8DU2tqciaK1oco3pjm76fiKIk75eup4R9reZjNS75M+WJIICOlNX5OFt50g==",
        "dependencies": {
          "Testably.Abstractions.FileSystem.Interface": "10.3.0"
        }
      },
      "TestableIO.System.IO.Abstractions.TestingHelpers": {
        "type": "Transitive",
        "resolved": "22.2.0",
        "contentHash": "mmsYxNRoxsimceoqImCPVf+LuqJJSd8esDQVP5uONDUZ8envfrKen8I+fRtwsoyt+GVrKvf+XiZJgKWns+t9eg==",
        "dependencies": {
          "TestableIO.System.IO.Abstractions.Wrappers": "22.2.0",
          "Testably.Abstractions.FileSystem.Interface": "10.3.0"
        }
      },
      "TestableIO.System.IO.Abstractions.Wrappers": {
        "type": "Transitive",
        "resolved": "22.2.0",
        "contentHash": "0GW9i46ozm687WGAWsBHWMhLR7l1HmKwhiSU2hQrbFnI5m2YRfqXwqTQNjnOwT8BdbvcGqwMr97/zlnPWa1u1Q==",
        "dependencies": {
          "Testably.Abstractions.FileSystem.Interface": "10.3.0"
        }
      },
      "Testably.Abstractions.FileSystem.Interface": {
        "type": "Transitive",
        "resolved": "10.3.0",
        "contentHash": "5ebMaoADkzjfW7GnZYKaUebV8XmUn++C/4sKk1PTzCiddEgbSKBq3pW4EWEi70rYJAK0gA1yDWrYFeHq18FvHQ=="
      },
      "TUnit.Assertions": {
        "type": "Transitive",
        "resolved": "1.65.68",
        "contentHash": "9k88ue1cG4Gt2M2le3VQrdWK3ngTxSXdnXshvsVr3jeH80ZmBTGIZ5K5EdZpIkdca6j10pcMmJSHuFhkSz85Nw=="
      },
      "TUnit.Core": {
        "type": "Transitive",
        "resolved": "1.65.68",
        "contentHash": "5uE6TGXwY/ozRgz5qNLK+n6XGfS2tgG8AA2loA1YilBZTMgbnv2QoPdyBPS4f/uQQZ1sclCq7zdF1aUQkDxNug=="
      },
      "TUnit.Engine": {
        "type": "Transitive",
        "resolved": "1.65.68",
        "contentHash": "1D0LcIzrz7th8AP8vHGK/5vWsxa4QnJurMRGuo6y+vzDePkfCRXGGirLd7Cty8Bs87dIFaiRI9AvAKWDzkOHuQ==",
        "dependencies": {
          "Microsoft.Testing.Extensions.TrxReport.Abstractions": "2.3.3",
          "Microsoft.Testing.Platform": "2.3.3",
          "Microsoft.Testing.Platform.MSBuild": "2.3.3",
          "TUnit.Core": "1.65.68"
        }
      },
      "luna": {
        "type": "Project",
        "dependencies": {
          "Microsoft.Extensions.FileSystemGlobbing": "[10.0.11, )",
          "NuGet.Versioning": "[7.9.0, )",
          "Scriban": "[7.2.6, )",
          "Spectre.Console": "[0.54.0, )",
          "System.CommandLine": "[2.0.11, )",
          "System.IO.Abstractions": "[22.2.0, )",
          "YamlDotNet": "[18.1.0, )"
        }
      },
      "Microsoft.Extensions.FileSystemGlobbing": {
        "type": "CentralTransitive",
        "requested": "[10.0.11, )",
        "resolved": "10.0.11",
        "contentHash": "2i6rtW/B5rCnWCnhdmWWEmaM9O0HD0zsPY9eRqa++y4tclI3Uw8zvGbBvhY/LjAdtf8gUHhUPcAWj3DRlWMXmQ=="
      },
      "NuGet.Versioning": {
        "type": "CentralTransitive",
        "requested": "[7.9.0, )",
        "resolved": "7.9.0",
        "contentHash": "r4sZuVpVqwSBLe4qYDrnpScqdyctlRXg0HSF5OoCGkeBc8b+o8BBYHuI/u1RoWYX78PbieijU13TBt71/Xf3lw=="
      },
      "Scriban": {
        "type": "CentralTransitive",
        "requested": "[7.2.6, )",
        "resolved": "7.2.6",
        "contentHash": "k6DvaRY83jtigNudMoYlN5Zg42JEDDOCSeKrnpHiE5Gthkd9Fr+6VnYFnL3DqtkZTtPezJJdoX3ZfOTTFpQEMg=="
      },
      "Spectre.Console": {
        "type": "CentralTransitive",
        "requested": "[0.54.0, )",
        "resolved": "0.54.0",
        "contentHash": "StDXCFayfy0yB1xzUHT2tgEpV1/HFTiS4JgsAQS49EYTfMixSwwucaQs/bIOCwXjWwIQTMuxjUIxcB5XsJkFJA=="
      },
      "System.CommandLine": {
        "type": "CentralTransitive",
        "requested": "[2.0.11, )",
        "resolved": "2.0.11",
        "contentHash": "Pmg3/T0M37ZS3ovwPHtfBNTCdqNpnxo+tnZMg8JDHVR0qD8KwcPUKlheEiZysb1En8IyH7yDoa9QDq97Ny/vhQ=="
      },
      "System.IO.Abstractions": {
        "type": "CentralTransitive",
        "requested": "[22.2.0, )",
        "resolved": "22.2.0",
        "contentHash": "fwnNXyIPb7ABPLae6K9YZz0FAkRjb2s/nElRWrg73usMveY/qdOHjKaNvAF7iAfmzTl1W4wa7S/SnmIc4LDvTg==",
        "dependencies": {
          "TestableIO.System.IO.Abstractions": "22.2.0",
          "TestableIO.System.IO.Abstractions.Wrappers": "22.2.0"
        }
      }
    }
  }
}
